
Microsoft Visual Studio Solution File, Format Version 12.00
# Visual Studio 15
VisualStudioVersion = 15.0.28307.1340
MinimumVisualStudioVersion = 10.0.40219.1
Project("{FAE04EC0-301F-11D3-BF4B-00C04F79EFBC}") = "WebApplication2crudsp", "WebApplication2crudsp\WebApplication2crudsp.csproj", "{FD658A0A-FC58-472E-B689-E7AE459C60F7}"
EndProject
Global
	GlobalSection(SolutionConfigurationPlatforms) = preSolution
		Debug|Any CPU = Debug|Any CPU
		Release|Any CPU = Release|Any CPU
	EndGlobalSection
	GlobalSection(ProjectConfigurationPlatforms) = postSolution
		{FD658A0A-FC58-472E-B689-E7AE459C60F7}.Debug|Any CPU.ActiveCfg = Debug|Any CPU
		{FD658A0A-FC58-472E-B689-E7AE459C60F7}.Debug|Any CPU.Build.0 = Debug|Any CPU
		{FD658A0A-FC58-472E-B689-E7AE459C60F7}.Release|Any CPU.ActiveCfg = Release|Any CPU
		{FD658A0A-FC58-472E-B689-E7AE459C60F7}.Release|Any CPU.Build.0 = Release|Any CPU
	EndGlobalSection
	GlobalSection(SolutionProperties) = preSolution
		HideSolutionNode = FALSE
	EndGlobalSection
	GlobalSection(ExtensibilityGlobals) = postSolution
		SolutionGuid = {911622C0-8D99-4D40-9101-8550065C1C52}
	EndGlobalSection
EndGlobal
